// !$*UTF8*$!
{
	archiveVersion = 1;
	classes = {
	};
	objectVersion = 56;
	objects = {

/* Begin PBXBuildFile section */
		1E5A4CE929599245001362D6 /* TypeErasureApp.swift in Sources */ = {isa = PBXBuildFile; fileRef = 1E5A4CE829599245001362D6 /* TypeErasureApp.swift */; };
		1E5A4CEB29599245001362D6 /* ContentView.swift in Sources */ = {isa = PBXBuildFile; fileRef = 1E5A4CEA29599245001362D6 /* ContentView.swift */; };
		1E5A4CED29599246001362D6 /* Assets.xcassets in Resources */ = {isa = PBXBuildFile; fileRef = 1E5A4CEC29599246001362D6 /* Assets.xcassets */; };
		1E5A4CF029599246001362D6 /* Preview Assets.xcassets in Resources */ = {isa = PBXBuildFile; fileRef = 1E5A4CEF29599246001362D6 /* Preview Assets.xcassets */; };
		1E5A4CF829599269001362D6 /* APIEndpoint.swift in Sources */ = {isa = PBXBuildFile; fileRef = 1E5A4CF729599269001362D6 /* APIEndpoint.swift */; };
		1E5A4CFA29599327001362D6 /* SpaceXAPI.swift in Sources */ = {isa = PBXBuildFile; fileRef = 1E5A4CF929599327001362D6 /* SpaceXAPI.swift */; };
		1E5A4CFC295999BD001362D6 /* LaunchesEndpoint.swift in Sources */ = {isa = PBXBuildFile; fileRef = 1E5A4CFB295999BD001362D6 /* LaunchesEndpoint.swift */; };
		1E5A4CFE295999C9001362D6 /* CapsulesEndpoint.swift in Sources */ = {isa = PBXBuildFile; fileRef = 1E5A4CFD295999C9001362D6 /* CapsulesEndpoint.swift */; };
/* End PBXBuildFile section */

/* Begin PBXFileReference section */
		1E5A4CE529599245001362D6 /* TypeErasure.app */ = {isa = PBXFileReference; explicitFileType = wrapper.application; includeInIndex = 0; path = TypeErasure.app; sourceTree = BUILT_PRODUCTS_DIR; };
		1E5A4CE829599245001362D6 /* TypeErasureApp.swift */ = {isa = PBXFileReference; lastKnownFileType = sourcecode.swift; path = TypeErasureApp.swift; sourceTree = "<group>"; };
		1E5A4CEA29599245001362D6 /* ContentView.swift */ = {isa = PBXFileReference; lastKnownFileType = sourcecode.swift; path = ContentView.swift; sourceTree = "<group>"; };
		1E5A4CEC29599246001362D6 /* Assets.xcassets */ = {isa = PBXFileReference; lastKnownFileType = folder.assetcatalog; path = Assets.xcassets; sourceTree = "<group>"; };
		1E5A4CEF29599246001362D6 /* Preview Assets.xcassets */ = {isa = PBXFileReference; lastKnownFileType = folder.assetcatalog; path = "Preview Assets.xcassets"; sourceTree = "<group>"; };
		1E5A4CF729599269001362D6 /* APIEndpoint.swift */ = {isa = PBXFileReference; lastKnownFileType = sourcecode.swift; path = APIEndpoint.swift; sourceTree = "<group>"; };
		1E5A4CF929599327001362D6 /* SpaceXAPI.swift */ = {isa = PBXFileReference; lastKnownFileType = sourcecode.swift; path = SpaceXAPI.swift; sourceTree = "<group>"; };
		1E5A4CFB295999BD001362D6 /* LaunchesEndpoint.swift */ = {isa = PBXFileReference; lastKnownFileType = sourcecode.swift; path = LaunchesEndpoint.swift; sourceTree = "<group>"; };
		1E5A4CFD295999C9001362D6 /* CapsulesEndpoint.swift */ = {isa = PBXFileReference; lastKnownFileType = sourcecode.swift; path = CapsulesEndpoint.swift; sourceTree = "<group>"; };
/* End PBXFileReference section */

/* Begin PBXFrameworksBuildPhase section */
		1E5A4CE229599245001362D6 /* Frameworks */ = {
			isa = PBXFrameworksBuildPhase;
			buildActionMask = 2147483647;
			files = (
			);
			runOnlyForDeploymentPostprocessing = 0;
		};
/* End PBXFrameworksBuildPhase section */

/* Begin PBXGroup section */
		1E5A4CDC29599245001362D6 = {
			isa = PBXGroup;
			children = (
				1E5A4CE729599245001362D6 /* TypeErasure */,
				1E5A4CE629599245001362D6 /* Products */,
			);
			sourceTree = "<group>";
		};
		1E5A4CE629599245001362D6 /* Products */ = {
			isa = PBXGroup;
			children = (
				1E5A4CE529599245001362D6 /* TypeErasure.app */,
			);
			name = Products;
			sourceTree = "<group>";
		};
		1E5A4CE729599245001362D6 /* TypeErasure */ = {
			isa = PBXGroup;
			children = (
				1E5A4CF62959924E001362D6 /* API */,
				1E5A4CE829599245001362D6 /* TypeErasureApp.swift */,
				1E5A4CEA29599245001362D6 /* ContentView.swift */,
				1E5A4CEC29599246001362D6 /* Assets.xcassets */,
				1E5A4CEE29599246001362D6 /* Preview Content */,
			);
			path = TypeErasure;
			sourceTree = "<group>";
		};
		1E5A4CEE29599246001362D6 /* Preview Content */ = {
			isa = PBXGroup;
			children = (
				1E5A4CEF29599246001362D6 /* Preview Assets.xcassets */,
			);
			path = "Preview Content";
			sourceTree = "<group>";
		};
		1E5A4CF62959924E001362D6 /* API */ = {
			isa = PBXGroup;
			children = (
				1E5A4CF729599269001362D6 /* APIEndpoint.swift */,
				1E5A4CF929599327001362D6 /* SpaceXAPI.swift */,
				1E5A4CFB295999BD001362D6 /* LaunchesEndpoint.swift */,
				1E5A4CFD295999C9001362D6 /* CapsulesEndpoint.swift */,
			);
			path = API;
			sourceTree = "<group>";
		};
/* End PBXGroup section */

/* Begin PBXNativeTarget section */
		1E5A4CE429599245001362D6 /* TypeErasure */ = {
			isa = PBXNativeTarget;
			buildConfigurationList = 1E5A4CF329599246001362D6 /* Build configuration list for PBXNativeTarget "TypeErasure" */;
			buildPhases = (
				1E5A4CE129599245001362D6 /* Sources */,
				1E5A4CE229599245001362D6 /* Frameworks */,
				1E5A4CE329599245001362D6 /* Resources */,
			);
			buildRules = (
			);
			dependencies = (
			);
			name = TypeErasure;
			productName = TypeErasure;
			productReference = 1E5A4CE529599245001362D6 /* TypeErasure.app */;
			productType = "com.apple.product-type.application";
		};
/* End PBXNativeTarget section */

/* Begin PBXProject section */
		1E5A4CDD29599245001362D6 /* Project object */ = {
			isa = PBXProject;
			attributes = {
				BuildIndependentTargetsInParallel = 1;
				LastSwiftUpdateCheck = 1420;
				LastUpgradeCheck = 1420;
				TargetAttributes = {
					1E5A4CE429599245001362D6 = {
						CreatedOnToolsVersion = 14.2;
					};
				};
			};
			buildConfigurationList = 1E5A4CE029599245001362D6 /* Build configuration list for PBXProject "TypeErasure" */;
			compatibilityVersion = "Xcode 14.0";
			developmentRegion = en;
			hasScannedForEncodings = 0;
			knownRegions = (
				en,
				Base,
			);
			mainGroup = 1E5A4CDC29599245001362D6;
			productRefGroup = 1E5A4CE629599245001362D6 /* Products */;
			projectDirPath = "";
			projectRoot = "";
			targets = (
				1E5A4CE429599245001362D6 /* TypeErasure */,
			);
		};
/* End PBXProject section */

/* Begin PBXResourcesBuildPhase section */
		1E5A4CE329599245001362D6 /* Resources */ = {
			isa = PBXResourcesBuildPhase;
			buildActionMask = 2147483647;
			files = (
				1E5A4CF029599246001362D6 /* Preview Assets.xcassets in Resources */,
				1E5A4CED29599246001362D6 /* Assets.xcassets in Resources */,
			);
			runOnlyForDeploymentPostprocessing = 0;
		};
/* End PBXResourcesBuildPhase section */

/* Begin PBXSourcesBuildPhase section */
		1E5A4CE129599245001362D6 /* Sources */ = {
			isa = PBXSourcesBuildPhase;
			buildActionMask = 2147483647;
			files = (
				1E5A4CEB29599245001362D6 /* ContentView.swift in Sources */,
				1E5A4CFA29599327001362D6 /* SpaceXAPI.swift in Sources */,
				1E5A4CFC295999BD001362D6 /* LaunchesEndpoint.swift in Sources */,
				1E5A4CF829599269001362D6 /* APIEndpoint.swift in Sources */,
				1E5A4CFE295999C9001362D6 /* CapsulesEndpoint.swift in Sources */,
				1E5A4CE929599245001362D6 /* TypeErasureApp.swift in Sources */,
			);
			runOnlyForDeploymentPostprocessing = 0;
		};
/* End PBXSourcesBuildPhase section */

/* Begin XCBuildConfiguration section */
		1E5A4CF129599246001362D6 /* Debug */ = {
			isa = XCBuildConfiguration;
			buildSettings = {
				ALWAYS_SEARCH_USER_PATHS = NO;
				CLANG_ANALYZER_NONNULL = YES;
				CLANG_ANALYZER_NUMBER_OBJECT_CONVERSION = YES_AGGRESSIVE;
				CLANG_CXX_LANGUAGE_STANDARD = "gnu++20";
				CLANG_ENABLE_MODULES = YES;
				CLANG_ENABLE_OBJC_ARC = YES;
				CLANG_ENABLE_OBJC_WEAK = YES;
				CLANG_WARN_BLOCK_CAPTURE_AUTORELEASING = YES;
				CLANG_WARN_BOOL_CONVERSION = YES;
				CLANG_WARN_COMMA = YES;
				CLANG_WARN_CONSTANT_CONVERSION = YES;
				CLANG_WARN_DEPRECATED_OBJC_IMPLEMENTATIONS = YES;
				CLANG_WARN_DIRECT_OBJC_ISA_USAGE = YES_ERROR;
				CLANG_WARN_DOCUMENTATION_COMMENTS = YES;
				CLANG_WARN_EMPTY_BODY = YES;
				CLANG_WARN_ENUM_CONVERSION = YES;
				CLANG_WARN_INFINITE_RECURSION = YES;
				CLANG_WARN_INT_CONVERSION = YES;
				CLANG_WARN_NON_LITERAL_NULL_CONVERSION = YES;
				CLANG_WARN_OBJC_IMPLICIT_RETAIN_SELF = YES;
				CLANG_WARN_OBJC_LITERAL_CONVERSION = YES;
				CLANG_WARN_OBJC_ROOT_CLASS = YES_ERROR;
				CLANG_WARN_QUOTED_INCLUDE_IN_FRAMEWORK_HEADER = YES;
				CLANG_WARN_RANGE_LOOP_ANALYSIS = YES;
				CLANG_WARN_STRICT_PROTOTYPES = YES;
				CLANG_WARN_SUSPICIOUS_MOVE = YES;
				CLANG_WARN_UNGUARDED_AVAILABILITY = YES_AGGRESSIVE;
				CLANG_WARN_UNREACHABLE_CODE = YES;
				CLANG_WARN__DUPLICATE_METHOD_MATCH = YES;
				COPY_PHASE_STRIP = NO;
				DEBUG_INFORMATION_FORMAT = dwarf;
				ENABLE_STRICT_OBJC_MSGSEND = YES;
				ENABLE_TESTABILITY = YES;
				GCC_C_LANGUAGE_STANDARD = gnu11;
				GCC_DYNAMIC_NO_PIC = NO;
				GCC_NO_COMMON_BLOCKS = YES;
				GCC_OPTIMIZATION_LEVEL = 0;
				GCC_PREPROCESSOR_DEFINITIONS = (
					"DEBUG=1",
					"$(inherited)",
				);
				GCC_WARN_64_TO_32_BIT_CONVERSION = YES;
				GCC_WARN_ABOUT_RETURN_TYPE = YES_ERROR;
				GCC_WARN_UNDECLARED_SELECTOR = YES;
				GCC_WARN_UNINITIALIZED_AUTOS = YES_AGGRESSIVE;
				GCC_WARN_UNUSED_FUNCTION = YES;
				GCC_WARN_UNUSED_VARIABLE = YES;
				IPHONEOS_DEPLOYMENT_TARGET = 16.2;
				MTL_ENABLE_DEBUG_INFO = INCLUDE_SOURCE;
				MTL_FAST_MATH = YES;
				ONLY_ACTIVE_ARCH = YES;
				SDKROOT = iphoneos;
				SWIFT_ACTIVE_COMPILATION_CONDITIONS = DEBUG;
				SWIFT_OPTIMIZATION_LEVEL = "-Onone";
			};
			name = Debug;
		};
		1E5A4CF229599246001362D6 /* Release */ = {
			isa = XCBuildConfiguration;
			buildSettings = {
				ALWAYS_SEARCH_USER_PATHS = NO;
				CLANG_ANALYZER_NONNULL = YES;
				CLANG_ANALYZER_NUMBER_OBJECT_CONVERSION = YES_AGGRESSIVE;
				CLANG_CXX_LANGUAGE_STANDARD = "gnu++20";
				CLANG_ENABLE_MODULES = YES;
				CLANG_ENABLE_OBJC_ARC = YES;
				CLANG_ENABLE_OBJC_WEAK = YES;
				CLANG_WARN_BLOCK_CAPTURE_AUTORELEASING = YES;
				CLANG_WARN_BOOL_CONVERSION = YES;
				CLANG_WARN_COMMA = YES;
				CLANG_WARN_CONSTANT_CONVERSION = YES;
				CLANG_WARN_DEPRECATED_OBJC_IMPLEMENTATIONS = YES;
				CLANG_WARN_DIRECT_OBJC_ISA_USAGE = YES_ERROR;
				CLANG_WARN_DOCUMENTATION_COMMENTS = YES;
				CLANG_WARN_EMPTY_BODY = YES;
				CLANG_WARN_ENUM_CONVERSION = YES;
				CLANG_WARN_INFINITE_RECURSION = YES;
				CLANG_WARN_INT_CONVERSION = YES;
				CLANG_WARN_NON_LITERAL_NULL_CONVERSION = YES;
				CLANG_WARN_OBJC_IMPLICIT_RETAIN_SELF = YES;
				CLANG_WARN_OBJC_LITERAL_CONVERSION = YES;
				CLANG_WARN_OBJC_ROOT_CLASS = YES_ERROR;
				CLANG_WARN_QUOTED_INCLUDE_IN_FRAMEWORK_HEADER = YES;
				CLANG_WARN_RANGE_LOOP_ANALYSIS = YES;
				CLANG_WARN_STRICT_PROTOTYPES = YES;
				CLANG_WARN_SUSPICIOUS_MOVE = YES;
				CLANG_WARN_UNGUARDED_AVAILABILITY = YES_AGGRESSIVE;
				CLANG_WARN_UNREACHABLE_CODE = YES;
				CLANG_WARN__DUPLICATE_METHOD_MATCH = YES;
				COPY_PHASE_STRIP = NO;
				DEBUG_INFORMATION_FORMAT = "dwarf-with-dsym";
				ENABLE_NS_ASSERTIONS = NO;
				ENABLE_STRICT_OBJC_MSGSEND = YES;
				GCC_C_LANGUAGE_STANDARD = gnu11;
				GCC_NO_COMMON_BLOCKS = YES;
				GCC_WARN_64_TO_32_BIT_CONVERSION = YES;
				GCC_WARN_ABOUT_RETURN_TYPE = YES_ERROR;
				GCC_WARN_UNDECLARED_SELECTOR = YES;
				GCC_WARN_UNINITIALIZED_AUTOS = YES_AGGRESSIVE;
				GCC_WARN_UNUSED_FUNCTION = YES;
				GCC_WARN_UNUSED_VARIABLE = YES;
				IPHONEOS_DEPLOYMENT_TARGET = 16.2;
				MTL_ENABLE_DEBUG_INFO = NO;
				MTL_FAST_MATH = YES;
				SDKROOT = iphoneos;
				SWIFT_COMPILATION_MODE = wholemodule;
				SWIFT_OPTIMIZATION_LEVEL = "-O";
				VALIDATE_PRODUCT = YES;
			};
			name = Release;
		};
		1E5A4CF429599246001362D6 /* Debug */ = {
			isa = XCBuildConfiguration;
			buildSettings = {
				ASSETCATALOG_COMPILER_APPICON_NAME = AppIcon;
				ASSETCATALOG_COMPILER_GLOBAL_ACCENT_COLOR_NAME = AccentColor;
				CODE_SIGN_STYLE = Automatic;
				CURRENT_PROJECT_VERSION = 1;
				DEVELOPMENT_ASSET_PATHS = "\"TypeErasure/Preview Content\"";
				DEVELOPMENT_TEAM = D9Y8NEXMLG;
				ENABLE_PREVIEWS = YES;
				GENERATE_INFOPLIST_FILE = YES;
				INFOPLIST_KEY_UIApplicationSceneManifest_Generation = YES;
				INFOPLIST_KEY_UIApplicationSupportsIndirectInputEvents = YES;
				INFOPLIST_KEY_UILaunchScreen_Generation = YES;
				INFOPLIST_KEY_UISupportedInterfaceOrientations_iPad = "UIInterfaceOrientationPortrait UIInterfaceOrientationPortraitUpsideDown UIInterfaceOrientationLandscapeLeft UIInterfaceOrientationLandscapeRight";
				INFOPLIST_KEY_UISupportedInterfaceOrientations_iPhone = "UIInterfaceOrientationPortrait UIInterfaceOrientationLandscapeLeft UIInterfaceOrientationLandscapeRight";
				LD_RUNPATH_SEARCH_PATHS = (
					"$(inherited)",
					"@executable_path/Frameworks",
				);
				MARKETING_VERSION = 1.0;
				PRODUCT_BUNDLE_IDENTIFIER = com.stembera.michal.TypeErasure;
				PRODUCT_NAME = "$(TARGET_NAME)";
				SWIFT_EMIT_LOC_STRINGS = YES;
				SWIFT_VERSION = 5.0;
				TARGETED_DEVICE_FAMILY = "1,2";
			};
			name = Debug;
		};
		1E5A4CF529599246001362D6 /* Release */ = {
			isa = XCBuildConfiguration;
			buildSettings = {
				ASSETCATALOG_COMPILER_APPICON_NAME = AppIcon;
				ASSETCATALOG_COMPILER_GLOBAL_ACCENT_COLOR_NAME = AccentColor;
				CODE_SIGN_STYLE = Automatic;
				CURRENT_PROJECT_VERSION = 1;
				DEVELOPMENT_ASSET_PATHS = "\"TypeErasure/Preview Content\"";
				DEVELOPMENT_TEAM = D9Y8NEXMLG;
				ENABLE_PREVIEWS = YES;
				GENERATE_INFOPLIST_FILE = YES;
				INFOPLIST_KEY_UIApplicationSceneManifest_Generation = YES;
				INFOPLIST_KEY_UIApplicationSupportsIndirectInputEvents = YES;
				INFOPLIST_KEY_UILaunchScreen_Generation = YES;
				INFOPLIST_KEY_UISupportedInterfaceOrientations_iPad = "UIInterfaceOrientationPortrait UIInterfaceOrientationPortraitUpsideDown UIInterfaceOrientationLandscapeLeft UIInterfaceOrientationLandscapeRight";
				INFOPLIST_KEY_UISupportedInterfaceOrientations_iPhone = "UIInterfaceOrientationPortrait UIInterfaceOrientationLandscapeLeft UIInterfaceOrientationLandscapeRight";
				LD_RUNPATH_SEARCH_PATHS = (
					"$(inherited)",
					"@executable_path/Frameworks",
				);
				MARKETING_VERSION = 1.0;
				PRODUCT_BUNDLE_IDENTIFIER = com.stembera.michal.TypeErasure;
				PRODUCT_NAME = "$(TARGET_NAME)";
				SWIFT_EMIT_LOC_STRINGS = YES;
				SWIFT_VERSION = 5.0;
				TARGETED_DEVICE_FAMILY = "1,2";
			};
			name = Release;
		};
/* End XCBuildConfiguration section */

/* Begin XCConfigurationList section */
		1E5A4CE029599245001362D6 /* Build configuration list for PBXProject "TypeErasure" */ = {
			isa = XCConfigurationList;
			buildConfigurations = (
				1E5A4CF129599246001362D6 /* Debug */,
				1E5A4CF229599246001362D6 /* Release */,
			);
			defaultConfigurationIsVisible = 0;
			defaultConfigurationName = Release;
		};
		1E5A4CF329599246001362D6 /* Build configuration list for PBXNativeTarget "TypeErasure" */ = {
			isa = XCConfigurationList;
			buildConfigurations = (
				1E5A4CF429599246001362D6 /* Debug */,
				1E5A4CF529599246001362D6 /* Release */,
			);
			defaultConfigurationIsVisible = 0;
			defaultConfigurationName = Release;
		};
/* End XCConfigurationList section */
	};
	rootObject = 1E5A4CDD29599245001362D6 /* Project object */;
}
